{
  "version": 4,
  "terraform_version": "1.3.9",
  "serial": 3,
  "lineage": "3d16aa14-6a70-87bd-abb7-74f750f54bdd",
  "outputs": {},
  "resources": [
    {
      "mode": "managed",
      "type": "google_dialogflow_cx_agent",
      "name": "agent",
      "provider": "provider[\"registry.terraform.io/hashicorp/google\"]",
      "instances": [
        {
          "schema_version": 0,
          "attributes": {
            "avatar_uri": "",
            "default_language_code": "en",
            "description": "terraform infra creation.",
            "display_name": "dis-agent-1",
            "enable_spell_correction": true,
            "enable_stackdriver_logging": true,
            "id": "projects/poc-gdf/locations/global/agents/5cfda6cb-144c-44c5-93e5-07b6bc32d169",
            "location": "global",
            "name": "5cfda6cb-144c-44c5-93e5-07b6bc32d169",
            "project": "poc-gdf",
            "security_settings": "",
            "speech_to_text_settings": [
              {
                "enable_speech_adaptation": true
              }
            ],
            "start_flow": "projects/poc-gdf/locations/global/agents/5cfda6cb-144c-44c5-93e5-07b6bc32d169/flows/00000000-0000-0000-0000-000000000000",
            "supported_language_codes": [
              "fr",
              "en",
              "ar"
            ],
            "time_zone": "africa/casablanca",
            "timeouts": null
          },
          "sensitive_attributes": [],
          "private": "eyJlMmJmYjczMC1lY2FhLTExZTYtOGY4OC0zNDM2M2JjN2M0YzAiOnsiY3JlYXRlIjoyNDAwMDAwMDAwMDAwLCJkZWxldGUiOjEyMDAwMDAwMDAwMDAsInVwZGF0ZSI6MjQwMDAwMDAwMDAwMH19"
        }
      ]
    }
  ],
  "check_results": null
}
